
Microsoft Visual Studio Solution File, Format Version 12.00
# Visual Studio Version 17
VisualStudioVersion = 17.1.32407.343
MinimumVisualStudioVersion = 10.0.40219.1
Project("{FAE04EC0-301F-11D3-BF4B-00C04F79EFBC}") = "PC-Part-Picker", "PC-Part-Picker.csproj", "{DF440D3B-9B23-4E34-B53A-AB7B2D3A56FE}"
EndProject
Global
	GlobalSection(SolutionConfigurationPlatforms) = preSolution
		Debug|Any CPU = Debug|Any CPU
		Release|Any CPU = Release|Any CPU
	EndGlobalSection
	GlobalSection(ProjectConfigurationPlatforms) = postSolution
		{DF440D3B-9B23-4E34-B53A-AB7B2D3A56FE}.Debug|Any CPU.ActiveCfg = Debug|Any CPU
		{DF440D3B-9B23-4E34-B53A-AB7B2D3A56FE}.Debug|Any CPU.Build.0 = Debug|Any CPU
		{DF440D3B-9B23-4E34-B53A-AB7B2D3A56FE}.Release|Any CPU.ActiveCfg = Release|Any CPU
		{DF440D3B-9B23-4E34-B53A-AB7B2D3A56FE}.Release|Any CPU.Build.0 = Release|Any CPU
	EndGlobalSection
	GlobalSection(SolutionProperties) = preSolution
		HideSolutionNode = FALSE
	EndGlobalSection
	GlobalSection(ExtensibilityGlobals) = postSolution
		SolutionGuid = {7C129C77-0FEB-4ACB-8978-025303BF3797}
	EndGlobalSection
EndGlobal
